
Microsoft Visual Studio Solution File, Format Version 12.00
# Visual Studio Version 16
VisualStudioVersion = 16.0.30413.136
MinimumVisualStudioVersion = 10.0.40219.1
Project("{FAE04EC0-301F-11D3-BF4B-00C04F79EFBC}") = "N_Fetsch_InchesToCentimetersGUI", "N_Fetsch_InchesToCentimetersGUI\N_Fetsch_InchesToCentimetersGUI.csproj", "{B7C9A4EA-393B-4DF4-8410-DC8CF9667C30}"
EndProject
Global
	GlobalSection(SolutionConfigurationPlatforms) = preSolution
		Debug|Any CPU = Debug|Any CPU
		Release|Any CPU = Release|Any CPU
	EndGlobalSection
	GlobalSection(ProjectConfigurationPlatforms) = postSolution
		{B7C9A4EA-393B-4DF4-8410-DC8CF9667C30}.Debug|Any CPU.ActiveCfg = Debug|Any CPU
		{B7C9A4EA-393B-4DF4-8410-DC8CF9667C30}.Debug|Any CPU.Build.0 = Debug|Any CPU
		{B7C9A4EA-393B-4DF4-8410-DC8CF9667C30}.Release|Any CPU.ActiveCfg = Release|Any CPU
		{B7C9A4EA-393B-4DF4-8410-DC8CF9667C30}.Release|Any CPU.Build.0 = Release|Any CPU
	EndGlobalSection
	GlobalSection(SolutionProperties) = preSolution
		HideSolutionNode = FALSE
	EndGlobalSection
	GlobalSection(ExtensibilityGlobals) = postSolution
		SolutionGuid = {A94FEB08-D0DD-40BD-85D2-7CBD9F8FE6C8}
	EndGlobalSection
EndGlobal
